
Microsoft Visual Studio Solution File, Format Version 12.00
# Visual Studio Version 17
VisualStudioVersion = 17.3.32901.215
MinimumVisualStudioVersion = 10.0.40219.1
Project("{9A19103F-16F7-4668-BE54-9A1E7A4F7556}") = "TasinmazApi", "TasinmazApi\TasinmazApi.csproj", "{7882B26C-9251-490F-B753-F13C7023CE67}"
EndProject
Project("{9A19103F-16F7-4668-BE54-9A1E7A4F7556}") = "CoreLayer", "EntityLayer\CoreLayer.csproj", "{A88A1C10-2EFD-49D9-B92A-D09EA2042928}"
EndProject
Global
	GlobalSection(SolutionConfigurationPlatforms) = preSolution
		Debug|Any CPU = Debug|Any CPU
		Release|Any CPU = Release|Any CPU
	EndGlobalSection
	GlobalSection(ProjectConfigurationPlatforms) = postSolution
		{7882B26C-9251-490F-B753-F13C7023CE67}.Debug|Any CPU.ActiveCfg = Debug|Any CPU
		{7882B26C-9251-490F-B753-F13C7023CE67}.Debug|Any CPU.Build.0 = Debug|Any CPU
		{7882B26C-9251-490F-B753-F13C7023CE67}.Release|Any CPU.ActiveCfg = Release|Any CPU
		{7882B26C-9251-490F-B753-F13C7023CE67}.Release|Any CPU.Build.0 = Release|Any CPU
		{A88A1C10-2EFD-49D9-B92A-D09EA2042928}.Debug|Any CPU.ActiveCfg = Debug|Any CPU
		{A88A1C10-2EFD-49D9-B92A-D09EA2042928}.Debug|Any CPU.Build.0 = Debug|Any CPU
		{A88A1C10-2EFD-49D9-B92A-D09EA2042928}.Release|Any CPU.ActiveCfg = Release|Any CPU
		{A88A1C10-2EFD-49D9-B92A-D09EA2042928}.Release|Any CPU.Build.0 = Release|Any CPU
	EndGlobalSection
	GlobalSection(SolutionProperties) = preSolution
		HideSolutionNode = FALSE
	EndGlobalSection
	GlobalSection(ExtensibilityGlobals) = postSolution
		SolutionGuid = {B7A27A47-30F8-42AF-8905-2ABB8A82F0F6}
	EndGlobalSection
EndGlobal
